
Microsoft Visual Studio Solution File, Format Version 12.00
# Visual Studio 15
VisualStudioVersion = 15.0.28307.1000
MinimumVisualStudioVersion = 10.0.40219.1
Project("{FAE04EC0-301F-11D3-BF4B-00C04F79EFBC}") = "CalendarCreator.Core", "CalendarCreator.Core\CalendarCreator.Core.csproj", "{9A66DCB0-DED6-4D8D-986F-29B01F66114E}"
EndProject
Project("{FAE04EC0-301F-11D3-BF4B-00C04F79EFBC}") = "CalendarCreator.ConsoleApp", "CalendarCreator.ConsoleApp\CalendarCreator.ConsoleApp.csproj", "{13067FBA-AC41-4328-B920-E4DB8BE4D261}"
EndProject
Global
	GlobalSection(SolutionConfigurationPlatforms) = preSolution
		Debug|Any CPU = Debug|Any CPU
		Release|Any CPU = Release|Any CPU
	EndGlobalSection
	GlobalSection(ProjectConfigurationPlatforms) = postSolution
		{9A66DCB0-DED6-4D8D-986F-29B01F66114E}.Debug|Any CPU.ActiveCfg = Debug|Any CPU
		{9A66DCB0-DED6-4D8D-986F-29B01F66114E}.Debug|Any CPU.Build.0 = Debug|Any CPU
		{9A66DCB0-DED6-4D8D-986F-29B01F66114E}.Release|Any CPU.ActiveCfg = Release|Any CPU
		{9A66DCB0-DED6-4D8D-986F-29B01F66114E}.Release|Any CPU.Build.0 = Release|Any CPU
		{13067FBA-AC41-4328-B920-E4DB8BE4D261}.Debug|Any CPU.ActiveCfg = Debug|Any CPU
		{13067FBA-AC41-4328-B920-E4DB8BE4D261}.Debug|Any CPU.Build.0 = Debug|Any CPU
		{13067FBA-AC41-4328-B920-E4DB8BE4D261}.Release|Any CPU.ActiveCfg = Release|Any CPU
		{13067FBA-AC41-4328-B920-E4DB8BE4D261}.Release|Any CPU.Build.0 = Release|Any CPU
	EndGlobalSection
	GlobalSection(SolutionProperties) = preSolution
		HideSolutionNode = FALSE
	EndGlobalSection
	GlobalSection(ExtensibilityGlobals) = postSolution
		SolutionGuid = {1285B313-D206-438E-A617-72FEDFB2E93B}
	EndGlobalSection
EndGlobal
